
Microsoft Visual Studio Solution File, Format Version 12.00
# Visual Studio Version 17
VisualStudioVersion = 17.4.33110.190
MinimumVisualStudioVersion = 10.0.40219.1
Project("{8BC9CEB8-8B4A-11D0-8D11-00A0C91BC942}") = "HW_Functions", "HW_Functions\HW_Functions.vcxproj", "{BD7673DC-8066-4CD6-AD0C-3DDCBA663DF3}"
EndProject
Project("{8BC9CEB8-8B4A-11D0-8D11-00A0C91BC942}") = "array_functions", "array_functions\array_functions.vcxproj", "{00574CC8-2889-4656-89C2-3AA0A41B699C}"
EndProject
Project("{8BC9CEB8-8B4A-11D0-8D11-00A0C91BC942}") = "test", "test\test.vcxproj", "{C0FCA512-52AA-4615-A133-B07C7EFFCA5A}"
EndProject
Project("{8BC9CEB8-8B4A-11D0-8D11-00A0C91BC942}") = "Arrays_test_project", "Arrays_test_project\Arrays_test_project.vcxproj", "{16ADDED4-475B-4ED9-9DD1-4435B695CE21}"
EndProject
Global
	GlobalSection(SolutionConfigurationPlatforms) = preSolution
		Debug|x64 = Debug|x64
		Debug|x86 = Debug|x86
		Release|x64 = Release|x64
		Release|x86 = Release|x86
	EndGlobalSection
	GlobalSection(ProjectConfigurationPlatforms) = postSolution
		{BD7673DC-8066-4CD6-AD0C-3DDCBA663DF3}.Debug|x64.ActiveCfg = Debug|x64
		{BD7673DC-8066-4CD6-AD0C-3DDCBA663DF3}.Debug|x64.Build.0 = Debug|x64
		{BD7673DC-8066-4CD6-AD0C-3DDCBA663DF3}.Debug|x86.ActiveCfg = Debug|Win32
		{BD7673DC-8066-4CD6-AD0C-3DDCBA663DF3}.Debug|x86.Build.0 = Debug|Win32
		{BD7673DC-8066-4CD6-AD0C-3DDCBA663DF3}.Release|x64.ActiveCfg = Release|x64
		{BD7673DC-8066-4CD6-AD0C-3DDCBA663DF3}.Release|x64.Build.0 = Release|x64
		{BD7673DC-8066-4CD6-AD0C-3DDCBA663DF3}.Release|x86.ActiveCfg = Release|Win32
		{BD7673DC-8066-4CD6-AD0C-3DDCBA663DF3}.Release|x86.Build.0 = Release|Win32
		{00574CC8-2889-4656-89C2-3AA0A41B699C}.Debug|x64.ActiveCfg = Debug|x64
		{00574CC8-2889-4656-89C2-3AA0A41B699C}.Debug|x64.Build.0 = Debug|x64
		{00574CC8-2889-4656-89C2-3AA0A41B699C}.Debug|x86.ActiveCfg = Debug|Win32
		{00574CC8-2889-4656-89C2-3AA0A41B699C}.Debug|x86.Build.0 = Debug|Win32
		{00574CC8-2889-4656-89C2-3AA0A41B699C}.Release|x64.ActiveCfg = Release|x64
		{00574CC8-2889-4656-89C2-3AA0A41B699C}.Release|x64.Build.0 = Release|x64
		{00574CC8-2889-4656-89C2-3AA0A41B699C}.Release|x86.ActiveCfg = Release|Win32
		{00574CC8-2889-4656-89C2-3AA0A41B699C}.Release|x86.Build.0 = Release|Win32
		{C0FCA512-52AA-4615-A133-B07C7EFFCA5A}.Debug|x64.ActiveCfg = Debug|x64
		{C0FCA512-52AA-4615-A133-B07C7EFFCA5A}.Debug|x64.Build.0 = Debug|x64
		{C0FCA512-52AA-4615-A133-B07C7EFFCA5A}.Debug|x86.ActiveCfg = Debug|Win32
		{C0FCA512-52AA-4615-A133-B07C7EFFCA5A}.Debug|x86.Build.0 = Debug|Win32
		{C0FCA512-52AA-4615-A133-B07C7EFFCA5A}.Release|x64.ActiveCfg = Release|x64
		{C0FCA512-52AA-4615-A133-B07C7EFFCA5A}.Release|x64.Build.0 = Release|x64
		{C0FCA512-52AA-4615-A133-B07C7EFFCA5A}.Release|x86.ActiveCfg = Release|Win32
		{C0FCA512-52AA-4615-A133-B07C7EFFCA5A}.Release|x86.Build.0 = Release|Win32
		{16ADDED4-475B-4ED9-9DD1-4435B695CE21}.Debug|x64.ActiveCfg = Debug|x64
		{16ADDED4-475B-4ED9-9DD1-4435B695CE21}.Debug|x64.Build.0 = Debug|x64
		{16ADDED4-475B-4ED9-9DD1-4435B695CE21}.Debug|x86.ActiveCfg = Debug|Win32
		{16ADDED4-475B-4ED9-9DD1-4435B695CE21}.Debug|x86.Build.0 = Debug|Win32
		{16ADDED4-475B-4ED9-9DD1-4435B695CE21}.Release|x64.ActiveCfg = Release|x64
		{16ADDED4-475B-4ED9-9DD1-4435B695CE21}.Release|x64.Build.0 = Release|x64
		{16ADDED4-475B-4ED9-9DD1-4435B695CE21}.Release|x86.ActiveCfg = Release|Win32
		{16ADDED4-475B-4ED9-9DD1-4435B695CE21}.Release|x86.Build.0 = Release|Win32
	EndGlobalSection
	GlobalSection(SolutionProperties) = preSolution
		HideSolutionNode = FALSE
	EndGlobalSection
	GlobalSection(ExtensibilityGlobals) = postSolution
		SolutionGuid = {229BC02D-8BEE-4E4E-8AAD-97CDCC1B2AA9}
	EndGlobalSection
EndGlobal
